Microsoft Visual Studio Solution File, Format Version 12.00
# Visual Studio Version 17
VisualStudioVersion = 17.0.31903.59
MinimumVisualStudioVersion = 10.0.40219.1
Project("{FAE04EC0-301F-11D3-BF4B-00C04F79EFBC}") = "山河永驻", "山河永驻.csproj", "{8F4C9A62-3D51-4B7E-9A2F-1C6D0E5B7A31}"
EndProject
Global
	GlobalSection(SolutionConfigurationPlatforms) = preSolution
		Debug|Any CPU = Debug|Any CPU
		ExportDebug|Any CPU = ExportDebug|Any CPU
		ExportRelease|Any CPU = ExportRelease|Any CPU
	EndGlobalSection
	GlobalSection(ProjectConfigurationPlatforms) = postSolution
		{8F4C9A62-3D51-4B7E-9A2F-1C6D0E5B7A31}.Debug|Any CPU.ActiveCfg = Debug|Any CPU
		{8F4C9A62-3D51-4B7E-9A2F-1C6D0E5B7A31}.Debug|Any CPU.Build.0 = Debug|Any CPU
		{8F4C9A62-3D51-4B7E-9A2F-1C6D0E5B7A31}.ExportDebug|Any CPU.ActiveCfg = ExportDebug|Any CPU
		{8F4C9A62-3D51-4B7E-9A2F-1C6D0E5B7A31}.ExportDebug|Any CPU.Build.0 = ExportDebug|Any CPU
		{8F4C9A62-3D51-4B7E-9A2F-1C6D0E5B7A31}.ExportRelease|Any CPU.ActiveCfg = ExportRelease|Any CPU
		{8F4C9A62-3D51-4B7E-9A2F-1C6D0E5B7A31}.ExportRelease|Any CPU.Build.0 = ExportRelease|Any CPU
	EndGlobalSection
	GlobalSection(SolutionProperties) = preSolution
		HideSolutionNode = FALSE
	EndGlobalSection
EndGlobal
